// !$*UTF8*$!
{
	archiveVersion = 1;
	classes = {
	};
	objectVersion = 46;
	objects = {

/* Begin PBXBuildFile section */
		474763F81E876194005634FE /* AppDelegate.swift in Sources */ = {isa = PBXBuildFile; fileRef = 474763F71E876194005634FE /* AppDelegate.swift */; };
		474763FB1E876194005634FE /* Roastme.xcdatamodeld in Sources */ = {isa = PBXBuildFile; fileRef = 474763F91E876194005634FE /* Roastme.xcdatamodeld */; };
		474763FD1E876194005634FE /* ViewController.swift in Sources */ = {isa = PBXBuildFile; fileRef = 474763FC1E876194005634FE /* ViewController.swift */; };
		474764001E876194005634FE /* Main.storyboard in Resources */ = {isa = PBXBuildFile; fileRef = 474763FE1E876194005634FE /* Main.storyboard */; };
		474764021E876194005634FE /* Images.xcassets in Resources */ = {isa = PBXBuildFile; fileRef = 474764011E876194005634FE /* Images.xcassets */; };
		474764051E876194005634FE /* LaunchScreen.xib in Resources */ = {isa = PBXBuildFile; fileRef = 474764031E876194005634FE /* LaunchScreen.xib */; };
		474764111E876194005634FE /* RoastmeTests.swift in Sources */ = {isa = PBXBuildFile; fileRef = 474764101E876194005634FE /* RoastmeTests.swift */; };
/* End PBXBuildFile section */

/* Begin PBXContainerItemProxy section */
		4747640B1E876194005634FE /* PBXContainerItemProxy */ = {
			isa = PBXContainerItemProxy;
			containerPortal = 474763EA1E876194005634FE /* Project object */;
			proxyType = 1;
			remoteGlobalIDString = 474763F11E876194005634FE;
			remoteInfo = Roastme;
		};
/* End PBXContainerItemProxy section */

/* Begin PBXFileReference section */
		474763F21E876194005634FE /* Roastme.app */ = {isa = PBXFileReference; explicitFileType = wrapper.application; includeInIndex = 0; path = Roastme.app; sourceTree = BUILT_PRODUCTS_DIR; };
		474763F61E876194005634FE /* Info.plist */ = {isa = PBXFileReference; lastKnownFileType = text.plist.xml; path = Info.plist; sourceTree = "<group>"; };
		474763F71E876194005634FE /* AppDelegate.swift */ = {isa = PBXFileReference; lastKnownFileType = sourcecode.swift; path = AppDelegate.swift; sourceTree = "<group>"; };
		474763FA1E876194005634FE /* Roastme.xcdatamodel */ = {isa = PBXFileReference; lastKnownFileType = wrapper.xcdatamodel; path = Roastme.xcdatamodel; sourceTree = "<group>"; };
		474763FC1E876194005634FE /* ViewController.swift */ = {isa = PBXFileReference; lastKnownFileType = sourcecode.swift; path = ViewController.swift; sourceTree = "<group>"; };
		474763FF1E876194005634FE /* Base */ = {isa = PBXFileReference; lastKnownFileType = file.storyboard; name = Base; path = Base.lproj/Main.storyboard; sourceTree = "<group>"; };
		474764011E876194005634FE /* Images.xcassets */ = {isa = PBXFileReference; lastKnownFileType = folder.assetcatalog; path = Images.xcassets; sourceTree = "<group>"; };
		474764041E876194005634FE /* Base */ = {isa = PBXFileReference; lastKnownFileType = file.xib; name = Base; path = Base.lproj/LaunchScreen.xib; sourceTree = "<group>"; };
		4747640A1E876194005634FE /* RoastmeTests.xctest */ = {isa = PBXFileReference; explicitFileType = wrapper.cfbundle; includeInIndex = 0; path = RoastmeTests.xctest; sourceTree = BUILT_PRODUCTS_DIR; };
		4747640F1E876194005634FE /* Info.plist */ = {isa = PBXFileReference; lastKnownFileType = text.plist.xml; path = Info.plist; sourceTree = "<group>"; };
		474764101E876194005634FE /* RoastmeTests.swift */ = {isa = PBXFileReference; lastKnownFileType = sourcecode.swift; path = RoastmeTests.swift; sourceTree = "<group>"; };
/* End PBXFileReference section */

/* Begin PBXFrameworksBuildPhase section */
		474763EF1E876194005634FE /* Frameworks */ = {
			isa = PBXFrameworksBuildPhase;
			buildActionMask = 2147483647;
			files = (
			);
			runOnlyForDeploymentPostprocessing = 0;
		};
		474764071E876194005634FE /* Frameworks */ = {
			isa = PBXFrameworksBuildPhase;
			buildActionMask = 2147483647;
			files = (
			);
			runOnlyForDeploymentPostprocessing = 0;
		};
/* End PBXFrameworksBuildPhase section */

/* Begin PBXGroup section */
		474763E91E876194005634FE = {
			isa = PBXGroup;
			children = (
				474763F41E876194005634FE /* Roastme */,
				4747640D1E876194005634FE /* RoastmeTests */,
				474763F31E876194005634FE /* Products */,
			);
			sourceTree = "<group>";
		};
		474763F31E876194005634FE /* Products */ = {
			isa = PBXGroup;
			children = (
				474763F21E876194005634FE /* Roastme.app */,
				4747640A1E876194005634FE /* RoastmeTests.xctest */,
			);
			name = Products;
			sourceTree = "<group>";
		};
		474763F41E876194005634FE /* Roastme */ = {
			isa = PBXGroup;
			children = (
				474763F71E876194005634FE /* AppDelegate.swift */,
				474763FC1E876194005634FE /* ViewController.swift */,
				474763FE1E876194005634FE /* Main.storyboard */,
				474764011E876194005634FE /* Images.xcassets */,
				474764031E876194005634FE /* LaunchScreen.xib */,
				474763F91E876194005634FE /* Roastme.xcdatamodeld */,
				474763F51E876194005634FE /* Supporting Files */,
			);
			path = Roastme;
			sourceTree = "<group>";
		};
		474763F51E876194005634FE /* Supporting Files */ = {
			isa = PBXGroup;
			children = (
				474763F61E876194005634FE /* Info.plist */,
			);
			name = "Supporting Files";
			sourceTree = "<group>";
		};
		4747640D1E876194005634FE /* RoastmeTests */ = {
			isa = PBXGroup;
			children = (
				474764101E876194005634FE /* RoastmeTests.swift */,
				4747640E1E876194005634FE /* Supporting Files */,
			);
			path = RoastmeTests;
			sourceTree = "<group>";
		};
		4747640E1E876194005634FE /* Supporting Files */ = {
			isa = PBXGroup;
			children = (
				4747640F1E876194005634FE /* Info.plist */,
			);
			name = "Supporting Files";
			sourceTree = "<group>";
		};
/* End PBXGroup section */

/* Begin PBXNativeTarget section */
		474763F11E876194005634FE /* Roastme */ = {
			isa = PBXNativeTarget;
			buildConfigurationList = 474764141E876194005634FE /* Build configuration list for PBXNativeTarget "Roastme" */;
			buildPhases = (
				474763EE1E876194005634FE /* Sources */,
				474763EF1E876194005634FE /* Frameworks */,
				474763F01E876194005634FE /* Resources */,
			);
			buildRules = (
			);
			dependencies = (
			);
			name = Roastme;
			productName = Roastme;
			productReference = 474763F21E876194005634FE /* Roastme.app */;
			productType = "com.apple.product-type.application";
		};
		474764091E876194005634FE /* RoastmeTests */ = {
			isa = PBXNativeTarget;
			buildConfigurationList = 474764171E876194005634FE /* Build configuration list for PBXNativeTarget "RoastmeTests" */;
			buildPhases = (
				474764061E876194005634FE /* Sources */,
				474764071E876194005634FE /* Frameworks */,
				474764081E876194005634FE /* Resources */,
			);
			buildRules = (
			);
			dependencies = (
				4747640C1E876194005634FE /* PBXTargetDependency */,
			);
			name = RoastmeTests;
			productName = RoastmeTests;
			productReference = 4747640A1E876194005634FE /* RoastmeTests.xctest */;
			productType = "com.apple.product-type.bundle.unit-test";
		};
/* End PBXNativeTarget section */

/* Begin PBXProject section */
		474763EA1E876194005634FE /* Project object */ = {
			isa = PBXProject;
			attributes = {
				LastUpgradeCheck = 0640;
				ORGANIZATIONNAME = OneDayApps;
				TargetAttributes = {
					474763F11E876194005634FE = {
						CreatedOnToolsVersion = 6.4;
					};
					474764091E876194005634FE = {
						CreatedOnToolsVersion = 6.4;
						TestTargetID = 474763F11E876194005634FE;
					};
				};
			};
			buildConfigurationList = 474763ED1E876194005634FE /* Build configuration list for PBXProject "Roastme" */;
			compatibilityVersion = "Xcode 3.2";
			developmentRegion = English;
			hasScannedForEncodings = 0;
			knownRegions = (
				en,
				Base,
			);
			mainGroup = 474763E91E876194005634FE;
			productRefGroup = 474763F31E876194005634FE /* Products */;
			projectDirPath = "";
			projectRoot = "";
			targets = (
				474763F11E876194005634FE /* Roastme */,
				474764091E876194005634FE /* RoastmeTests */,
			);
		};
/* End PBXProject section */

/* Begin PBXResourcesBuildPhase section */
		474763F01E876194005634FE /* Resources */ = {
			isa = PBXResourcesBuildPhase;
			buildActionMask = 2147483647;
			files = (
				474764001E876194005634FE /* Main.storyboard in Resources */,
				474764051E876194005634FE /* LaunchScreen.xib in Resources */,
				474764021E876194005634FE /* Images.xcassets in Resources */,
			);
			runOnlyForDeploymentPostprocessing = 0;
		};
		474764081E876194005634FE /* Resources */ = {
			isa = PBXResourcesBuildPhase;
			buildActionMask = 2147483647;
			files = (
			);
			runOnlyForDeploymentPostprocessing = 0;
		};
/* End PBXResourcesBuildPhase section */

/* Begin PBXSourcesBuildPhase section */
		474763EE1E876194005634FE /* Sources */ = {
			isa = PBXSourcesBuildPhase;
			buildActionMask = 2147483647;
			files = (
				474763FD1E876194005634FE /* ViewController.swift in Sources */,
				474763F81E876194005634FE /* AppDelegate.swift in Sources */,
				474763FB1E876194005634FE /* Roastme.xcdatamodeld in Sources */,
			);
			runOnlyForDeploymentPostprocessing = 0;
		};
		474764061E876194005634FE /* Sources */ = {
			isa = PBXSourcesBuildPhase;
			buildActionMask = 2147483647;
			files = (
				474764111E876194005634FE /* RoastmeTests.swift in Sources */,
			);
			runOnlyForDeploymentPostprocessing = 0;
		};
/* End PBXSourcesBuildPhase section */

/* Begin PBXTargetDependency section */
		4747640C1E876194005634FE /* PBXTargetDependency */ = {
			isa = PBXTargetDependency;
			target = 474763F11E876194005634FE /* Roastme */;
			targetProxy = 4747640B1E876194005634FE /* PBXContainerItemProxy */;
		};
/* End PBXTargetDependency section */

/* Begin PBXVariantGroup section */
		474763FE1E876194005634FE /* Main.storyboard */ = {
			isa = PBXVariantGroup;
			children = (
				474763FF1E876194005634FE /* Base */,
			);
			name = Main.storyboard;
			sourceTree = "<group>";
		};
		474764031E876194005634FE /* LaunchScreen.xib */ = {
			isa = PBXVariantGroup;
			children = (
				474764041E876194005634FE /* Base */,
			);
			name = LaunchScreen.xib;
			sourceTree = "<group>";
		};
/* End PBXVariantGroup section */

/* Begin XCBuildConfiguration section */
		474764121E876194005634FE /* Debug */ = {
			isa = XCBuildConfiguration;
			buildSettings = {
				ALWAYS_SEARCH_USER_PATHS = NO;
				CLANG_CXX_LANGUAGE_STANDARD = "gnu++0x";
				CLANG_CXX_LIBRARY = "libc++";
				CLANG_ENABLE_MODULES = YES;
				CLANG_ENABLE_OBJC_ARC = YES;
				CLANG_WARN_BOOL_CONVERSION = YES;
				CLANG_WARN_CONSTANT_CONVERSION = YES;
				CLANG_WARN_DIRECT_OBJC_ISA_USAGE = YES_ERROR;
				CLANG_WARN_EMPTY_BODY = YES;
				CLANG_WARN_ENUM_CONVERSION = YES;
				CLANG_WARN_INT_CONVERSION = YES;
				CLANG_WARN_OBJC_ROOT_CLASS = YES_ERROR;
				CLANG_WARN_UNREACHABLE_CODE = YES;
				CLANG_WARN__DUPLICATE_METHOD_MATCH = YES;
				"CODE_SIGN_IDENTITY[sdk=iphoneos*]" = "iPhone Developer";
				COPY_PHASE_STRIP = NO;
				DEBUG_INFORMATION_FORMAT = "dwarf-with-dsym";
				ENABLE_STRICT_OBJC_MSGSEND = YES;
				GCC_C_LANGUAGE_STANDARD = gnu99;
				GCC_DYNAMIC_NO_PIC = NO;
				GCC_NO_COMMON_BLOCKS = YES;
				GCC_OPTIMIZATION_LEVEL = 0;
				GCC_PREPROCESSOR_DEFINITIONS = (
					"DEBUG=1",
					"$(inherited)",
				);
				GCC_SYMBOLS_PRIVATE_EXTERN = NO;
				GCC_WARN_64_TO_32_BIT_CONVERSION = YES;
				GCC_WARN_ABOUT_RETURN_TYPE = YES_ERROR;
				GCC_WARN_UNDECLARED_SELECTOR = YES;
				GCC_WARN_UNINITIALIZED_AUTOS = YES_AGGRESSIVE;
				GCC_WARN_UNUSED_FUNCTION = YES;
				GCC_WARN_UNUSED_VARIABLE = YES;
				IPHONEOS_DEPLOYMENT_TARGET = 8.4;
				MTL_ENABLE_DEBUG_INFO = YES;
				ONLY_ACTIVE_ARCH = YES;
				SDKROOT = iphoneos;
				SWIFT_OPTIMIZATION_LEVEL = "-Onone";
				TARGETED_DEVICE_FAMILY = "1,2";
			};
			name = Debug;
		};
		474764131E876194005634FE /* Release */ = {
			isa = XCBuildConfiguration;
			buildSettings = {
				ALWAYS_SEARCH_USER_PATHS = NO;
				CLANG_CXX_LANGUAGE_STANDARD = "gnu++0x";
				CLANG_CXX_LIBRARY = "libc++";
				CLANG_ENABLE_MODULES = YES;
				CLANG_ENABLE_OBJC_ARC = YES;
				CLANG_WARN_BOOL_CONVERSION = YES;
				CLANG_WARN_CONSTANT_CONVERSION = YES;
				CLANG_WARN_DIRECT_OBJC_ISA_USAGE = YES_ERROR;
				CLANG_WARN_EMPTY_BODY = YES;
				CLANG_WARN_ENUM_CONVERSION = YES;
				CLANG_WARN_INT_CONVERSION = YES;
				CLANG_WARN_OBJC_ROOT_CLASS = YES_ERROR;
				CLANG_WARN_UNREACHABLE_CODE = YES;
				CLANG_WARN__DUPLICATE_METHOD_MATCH = YES;
				"CODE_SIGN_IDENTITY[sdk=iphoneos*]" = "iPhone Developer";
				COPY_PHASE_STRIP = NO;
				DEBUG_INFORMATION_FORMAT = "dwarf-with-dsym";
				ENABLE_NS_ASSERTIONS = NO;
				ENABLE_STRICT_OBJC_MSGSEND = YES;
				GCC_C_LANGUAGE_STANDARD = gnu99;
				GCC_NO_COMMON_BLOCKS = YES;
				GCC_WARN_64_TO_32_BIT_CONVERSION = YES;
				GCC_WARN_ABOUT_RETURN_TYPE = YES_ERROR;
				GCC_WARN_UNDECLARED_SELECTOR = YES;
				GCC_WARN_UNINITIALIZED_AUTOS = YES_AGGRESSIVE;
				GCC_WARN_UNUSED_FUNCTION = YES;
				GCC_WARN_UNUSED_VARIABLE = YES;
				IPHONEOS_DEPLOYMENT_TARGET = 8.4;
				MTL_ENABLE_DEBUG_INFO = NO;
				SDKROOT = iphoneos;
				TARGETED_DEVICE_FAMILY = "1,2";
				VALIDATE_PRODUCT = YES;
			};
			name = Release;
		};
		474764151E876194005634FE /* Debug */ = {
			isa = XCBuildConfiguration;
			buildSettings = {
				ASSETCATALOG_COMPILER_APPICON_NAME = AppIcon;
				INFOPLIST_FILE = Roastme/Info.plist;
				LD_RUNPATH_SEARCH_PATHS = "$(inherited) @executable_path/Frameworks";
				PRODUCT_NAME = "$(TARGET_NAME)";
			};
			name = Debug;
		};
		474764161E876194005634FE /* Release */ = {
			isa = XCBuildConfiguration;
			buildSettings = {
				ASSETCATALOG_COMPILER_APPICON_NAME = AppIcon;
				INFOPLIST_FILE = Roastme/Info.plist;
				LD_RUNPATH_SEARCH_PATHS = "$(inherited) @executable_path/Frameworks";
				PRODUCT_NAME = "$(TARGET_NAME)";
			};
			name = Release;
		};
		474764181E876194005634FE /* Debug */ = {
			isa = XCBuildConfiguration;
			buildSettings = {
				BUNDLE_LOADER = "$(TEST_HOST)";
				FRAMEWORK_SEARCH_PATHS = (
					"$(SDKROOT)/Developer/Library/Frameworks",
					"$(inherited)",
				);
				GCC_PREPROCESSOR_DEFINITIONS = (
					"DEBUG=1",
					"$(inherited)",
				);
				INFOPLIST_FILE = RoastmeTests/Info.plist;
				LD_RUNPATH_SEARCH_PATHS = "$(inherited) @executable_path/Frameworks @loader_path/Frameworks";
				PRODUCT_NAME = "$(TARGET_NAME)";
				TEST_HOST = "$(BUILT_PRODUCTS_DIR)/Roastme.app/Roastme";
			};
			name = Debug;
		};
		474764191E876194005634FE /* Release */ = {
			isa = XCBuildConfiguration;
			buildSettings = {
				BUNDLE_LOADER = "$(TEST_HOST)";
				FRAMEWORK_SEARCH_PATHS = (
					"$(SDKROOT)/Developer/Library/Frameworks",
					"$(inherited)",
				);
				INFOPLIST_FILE = RoastmeTests/Info.plist;
				LD_RUNPATH_SEARCH_PATHS = "$(inherited) @executable_path/Frameworks @loader_path/Frameworks";
				PRODUCT_NAME = "$(TARGET_NAME)";
				TEST_HOST = "$(BUILT_PRODUCTS_DIR)/Roastme.app/Roastme";
			};
			name = Release;
		};
/* End XCBuildConfiguration section */

/* Begin XCConfigurationList section */
		474763ED1E876194005634FE /* Build configuration list for PBXProject "Roastme" */ = {
			isa = XCConfigurationList;
			buildConfigurations = (
				474764121E876194005634FE /* Debug */,
				474764131E876194005634FE /* Release */,
			);
			defaultConfigurationIsVisible = 0;
			defaultConfigurationName = Release;
		};
		474764141E876194005634FE /* Build configuration list for PBXNativeTarget "Roastme" */ = {
			isa = XCConfigurationList;
			buildConfigurations = (
				474764151E876194005634FE /* Debug */,
				474764161E876194005634FE /* Release */,
			);
			defaultConfigurationIsVisible = 0;
		};
		474764171E876194005634FE /* Build configuration list for PBXNativeTarget "RoastmeTests" */ = {
			isa = XCConfigurationList;
			buildConfigurations = (
				474764181E876194005634FE /* Debug */,
				474764191E876194005634FE /* Release */,
			);
			defaultConfigurationIsVisible = 0;
		};
/* End XCConfigurationList section */

/* Begin XCVersionGroup section */
		474763F91E876194005634FE /* Roastme.xcdatamodeld */ = {
			isa = XCVersionGroup;
			children = (
				474763FA1E876194005634FE /* Roastme.xcdatamodel */,
			);
			currentVersion = 474763FA1E876194005634FE /* Roastme.xcdatamodel */;
			path = Roastme.xcdatamodeld;
			sourceTree = "<group>";
			versionGroupType = wrapper.xcdatamodel;
		};
/* End XCVersionGroup section */
	};
	rootObject = 474763EA1E876194005634FE /* Project object */;
}
